
Microsoft Visual Studio Solution File, Format Version 12.00
# Visual Studio Version 17
VisualStudioVersion = 17.7.34202.233
MinimumVisualStudioVersion = 10.0.40219.1
Project("{FAE04EC0-301F-11D3-BF4B-00C04F79EFBC}") = "ProjectLTUD", "ProjectLTUD\ProjectLTUD.csproj", "{4F6F5D5E-C795-419D-A234-D9EEC852E986}"
EndProject
Global
	GlobalSection(SolutionConfigurationPlatforms) = preSolution
		Debug|Any CPU = Debug|Any CPU
		Release|Any CPU = Release|Any CPU
	EndGlobalSection
	GlobalSection(ProjectConfigurationPlatforms) = postSolution
		{4F6F5D5E-C795-419D-A234-D9EEC852E986}.Debug|Any CPU.ActiveCfg = Debug|Any CPU
		{4F6F5D5E-C795-419D-A234-D9EEC852E986}.Debug|Any CPU.Build.0 = Debug|Any CPU
		{4F6F5D5E-C795-419D-A234-D9EEC852E986}.Release|Any CPU.ActiveCfg = Release|Any CPU
		{4F6F5D5E-C795-419D-A234-D9EEC852E986}.Release|Any CPU.Build.0 = Release|Any CPU
	EndGlobalSection
	GlobalSection(SolutionProperties) = preSolution
		HideSolutionNode = FALSE
	EndGlobalSection
	GlobalSection(ExtensibilityGlobals) = postSolution
		SolutionGuid = {40EA38E7-E008-423E-821C-172F4E404662}
	EndGlobalSection
EndGlobal
